// !$*UTF8*$!
{
	archiveVersion = 1;
	classes = {
	};
	objectVersion = 50;
	objects = {

/* Begin PBXBuildFile section */
		D27CEBA723FF2E46001174D9 /* AppDelegate.swift in Sources */ = {isa = PBXBuildFile; fileRef = D27CEBA623FF2E46001174D9 /* AppDelegate.swift */; };
		D27CEBA923FF2E46001174D9 /* SceneDelegate.swift in Sources */ = {isa = PBXBuildFile; fileRef = D27CEBA823FF2E46001174D9 /* SceneDelegate.swift */; };
		D27CEBAB23FF2E46001174D9 /* ViewController.swift in Sources */ = {isa = PBXBuildFile; fileRef = D27CEBAA23FF2E46001174D9 /* ViewController.swift */; };
		D27CEBAE23FF2E46001174D9 /* Main.storyboard in Resources */ = {isa = PBXBuildFile; fileRef = D27CEBAC23FF2E46001174D9 /* Main.storyboard */; };
		D27CEBB023FF2E47001174D9 /* Assets.xcassets in Resources */ = {isa = PBXBuildFile; fileRef = D27CEBAF23FF2E47001174D9 /* Assets.xcassets */; };
		D27CEBB323FF2E47001174D9 /* LaunchScreen.storyboard in Resources */ = {isa = PBXBuildFile; fileRef = D27CEBB123FF2E47001174D9 /* LaunchScreen.storyboard */; };
		D27CEBBB23FF302A001174D9 /* StarRatingControl.swift in Sources */ = {isa = PBXBuildFile; fileRef = D27CEBBA23FF302A001174D9 /* StarRatingControl.swift */; };
/* End PBXBuildFile section */

/* Begin PBXFileReference section */
		D27CEBA323FF2E46001174D9 /* StarRating.app */ = {isa = PBXFileReference; explicitFileType = wrapper.application; includeInIndex = 0; path = StarRating.app; sourceTree = BUILT_PRODUCTS_DIR; };
		D27CEBA623FF2E46001174D9 /* AppDelegate.swift */ = {isa = PBXFileReference; lastKnownFileType = sourcecode.swift; path = AppDelegate.swift; sourceTree = "<group>"; };
		D27CEBA823FF2E46001174D9 /* SceneDelegate.swift */ = {isa = PBXFileReference; lastKnownFileType = sourcecode.swift; path = SceneDelegate.swift; sourceTree = "<group>"; };
		D27CEBAA23FF2E46001174D9 /* ViewController.swift */ = {isa = PBXFileReference; lastKnownFileType = sourcecode.swift; path = ViewController.swift; sourceTree = "<group>"; };
		D27CEBAD23FF2E46001174D9 /* Base */ = {isa = PBXFileReference; lastKnownFileType = file.storyboard; name = Base; path = Base.lproj/Main.storyboard; sourceTree = "<group>"; };
		D27CEBAF23FF2E47001174D9 /* Assets.xcassets */ = {isa = PBXFileReference; lastKnownFileType = folder.assetcatalog; path = Assets.xcassets; sourceTree = "<group>"; };
		D27CEBB223FF2E47001174D9 /* Base */ = {isa = PBXFileReference; lastKnownFileType = file.storyboard; name = Base; path = Base.lproj/LaunchScreen.storyboard; sourceTree = "<group>"; };
		D27CEBB423FF2E47001174D9 /* Info.plist */ = {isa = PBXFileReference; lastKnownFileType = text.plist.xml; path = Info.plist; sourceTree = "<group>"; };
		D27CEBBA23FF302A001174D9 /* StarRatingControl.swift */ = {isa = PBXFileReference; lastKnownFileType = sourcecode.swift; path = StarRatingControl.swift; sourceTree = "<group>"; };
/* End PBXFileReference section */

/* Begin PBXFrameworksBuildPhase section */
		D27CEBA023FF2E46001174D9 /* Frameworks */ = {
			isa = PBXFrameworksBuildPhase;
			buildActionMask = 2147483647;
			files = (
			);
			runOnlyForDeploymentPostprocessing = 0;
		};
/* End PBXFrameworksBuildPhase section */

/* Begin PBXGroup section */
		D27CEB9A23FF2E46001174D9 = {
			isa = PBXGroup;
			children = (
				D27CEBA523FF2E46001174D9 /* StarRating */,
				D27CEBA423FF2E46001174D9 /* Products */,
			);
			sourceTree = "<group>";
		};
		D27CEBA423FF2E46001174D9 /* Products */ = {
			isa = PBXGroup;
			children = (
				D27CEBA323FF2E46001174D9 /* StarRating.app */,
			);
			name = Products;
			sourceTree = "<group>";
		};
		D27CEBA523FF2E46001174D9 /* StarRating */ = {
			isa = PBXGroup;
			children = (
				D27CEBA623FF2E46001174D9 /* AppDelegate.swift */,
				D27CEBA823FF2E46001174D9 /* SceneDelegate.swift */,
				D27CEBAA23FF2E46001174D9 /* ViewController.swift */,
				D27CEBAC23FF2E46001174D9 /* Main.storyboard */,
				D27CEBAF23FF2E47001174D9 /* Assets.xcassets */,
				D27CEBB123FF2E47001174D9 /* LaunchScreen.storyboard */,
				D27CEBB423FF2E47001174D9 /* Info.plist */,
				D27CEBBA23FF302A001174D9 /* StarRatingControl.swift */,
			);
			path = StarRating;
			sourceTree = "<group>";
		};
/* End PBXGroup section */

/* Begin PBXNativeTarget section */
		D27CEBA223FF2E46001174D9 /* StarRating */ = {
			isa = PBXNativeTarget;
			buildConfigurationList = D27CEBB723FF2E47001174D9 /* Build configuration list for PBXNativeTarget "StarRating" */;
			buildPhases = (
				D27CEB9F23FF2E46001174D9 /* Sources */,
				D27CEBA023FF2E46001174D9 /* Frameworks */,
				D27CEBA123FF2E46001174D9 /* Resources */,
			);
			buildRules = (
			);
			dependencies = (
			);
			name = StarRating;
			productName = StarRating;
			productReference = D27CEBA323FF2E46001174D9 /* StarRating.app */;
			productType = "com.apple.product-type.application";
		};
/* End PBXNativeTarget section */

/* Begin PBXProject section */
		D27CEB9B23FF2E46001174D9 /* Project object */ = {
			isa = PBXProject;
			attributes = {
				LastSwiftUpdateCheck = 1130;
				LastUpgradeCheck = 1130;
				ORGANIZATIONNAME = "scott harris";
				TargetAttributes = {
					D27CEBA223FF2E46001174D9 = {
						CreatedOnToolsVersion = 11.3.1;
					};
				};
			};
			buildConfigurationList = D27CEB9E23FF2E46001174D9 /* Build configuration list for PBXProject "StarRating" */;
			compatibilityVersion = "Xcode 9.3";
			developmentRegion = en;
			hasScannedForEncodings = 0;
			knownRegions = (
				en,
				Base,
			);
			mainGroup = D27CEB9A23FF2E46001174D9;
			productRefGroup = D27CEBA423FF2E46001174D9 /* Products */;
			projectDirPath = "";
			projectRoot = "";
			targets = (
				D27CEBA223FF2E46001174D9 /* StarRating */,
			);
		};
/* End PBXProject section */

/* Begin PBXResourcesBuildPhase section */
		D27CEBA123FF2E46001174D9 /* Resources */ = {
			isa = PBXResourcesBuildPhase;
			buildActionMask = 2147483647;
			files = (
				D27CEBB323FF2E47001174D9 /* LaunchScreen.storyboard in Resources */,
				D27CEBB023FF2E47001174D9 /* Assets.xcassets in Resources */,
				D27CEBAE23FF2E46001174D9 /* Main.storyboard in Resources */,
			);
			runOnlyForDeploymentPostprocessing = 0;
		};
/* End PBXResourcesBuildPhase section */

/* Begin PBXSourcesBuildPhase section */
		D27CEB9F23FF2E46001174D9 /* Sources */ = {
			isa = PBXSourcesBuildPhase;
			buildActionMask = 2147483647;
			files = (
				D27CEBAB23FF2E46001174D9 /* ViewController.swift in Sources */,
				D27CEBA723FF2E46001174D9 /* AppDelegate.swift in Sources */,
				D27CEBBB23FF302A001174D9 /* StarRatingControl.swift in Sources */,
				D27CEBA923FF2E46001174D9 /* SceneDelegate.swift in Sources */,
			);
			runOnlyForDeploymentPostprocessing = 0;
		};
/* End PBXSourcesBuildPhase section */

/* Begin PBXVariantGroup section */
		D27CEBAC23FF2E46001174D9 /* Main.storyboard */ = {
			isa = PBXVariantGroup;
			children = (
				D27CEBAD23FF2E46001174D9 /* Base */,
			);
			name = Main.storyboard;
			sourceTree = "<group>";
		};
		D27CEBB123FF2E47001174D9 /* LaunchScreen.storyboard */ = {
			isa = PBXVariantGroup;
			children = (
				D27CEBB223FF2E47001174D9 /* Base */,
			);
			name = LaunchScreen.storyboard;
			sourceTree = "<group>";
		};
/* End PBXVariantGroup section */

/* Begin XCBuildConfiguration section */
		D27CEBB523FF2E47001174D9 /* Debug */ = {
			isa = XCBuildConfiguration;
			buildSettings = {
				ALWAYS_SEARCH_USER_PATHS = NO;
				CLANG_ANALYZER_NONNULL = YES;
				CLANG_ANALYZER_NUMBER_OBJECT_CONVERSION = YES_AGGRESSIVE;
				CLANG_CXX_LANGUAGE_STANDARD = "gnu++14";
				CLANG_CXX_LIBRARY = "libc++";
				CLANG_ENABLE_MODULES = YES;
				CLANG_ENABLE_OBJC_ARC = YES;
				CLANG_ENABLE_OBJC_WEAK = YES;
				CLANG_WARN_BLOCK_CAPTURE_AUTORELEASING = YES;
				CLANG_WARN_BOOL_CONVERSION = YES;
				CLANG_WARN_COMMA = YES;
				CLANG_WARN_CONSTANT_CONVERSION = YES;
				CLANG_WARN_DEPRECATED_OBJC_IMPLEMENTATIONS = YES;
				CLANG_WARN_DIRECT_OBJC_ISA_USAGE = YES_ERROR;
				CLANG_WARN_DOCUMENTATION_COMMENTS = YES;
				CLANG_WARN_EMPTY_BODY = YES;
				CLANG_WARN_ENUM_CONVERSION = YES;
				CLANG_WARN_INFINITE_RECURSION = YES;
				CLANG_WARN_INT_CONVERSION = YES;
				CLANG_WARN_NON_LITERAL_NULL_CONVERSION = YES;
				CLANG_WARN_OBJC_IMPLICIT_RETAIN_SELF = YES;
				CLANG_WARN_OBJC_LITERAL_CONVERSION = YES;
				CLANG_WARN_OBJC_ROOT_CLASS = YES_ERROR;
				CLANG_WARN_RANGE_LOOP_ANALYSIS = YES;
				CLANG_WARN_STRICT_PROTOTYPES = YES;
				CLANG_WARN_SUSPICIOUS_MOVE = YES;
				CLANG_WARN_UNGUARDED_AVAILABILITY = YES_AGGRESSIVE;
				CLANG_WARN_UNREACHABLE_CODE = YES;
				CLANG_WARN__DUPLICATE_METHOD_MATCH = YES;
				COPY_PHASE_STRIP = NO;
				DEBUG_INFORMATION_FORMAT = dwarf;
				ENABLE_STRICT_OBJC_MSGSEND = YES;
				ENABLE_TESTABILITY = YES;
				GCC_C_LANGUAGE_STANDARD = gnu11;
				GCC_DYNAMIC_NO_PIC = NO;
				GCC_NO_COMMON_BLOCKS = YES;
				GCC_OPTIMIZATION_LEVEL = 0;
				GCC_PREPROCESSOR_DEFINITIONS = (
					"DEBUG=1",
					"$(inherited)",
				);
				GCC_WARN_64_TO_32_BIT_CONVERSION = YES;
				GCC_WARN_ABOUT_RETURN_TYPE = YES_ERROR;
				GCC_WARN_UNDECLARED_SELECTOR = YES;
				GCC_WARN_UNINITIALIZED_AUTOS = YES_AGGRESSIVE;
				GCC_WARN_UNUSED_FUNCTION = YES;
				GCC_WARN_UNUSED_VARIABLE = YES;
				IPHONEOS_DEPLOYMENT_TARGET = 13.2;
				MTL_ENABLE_DEBUG_INFO = INCLUDE_SOURCE;
				MTL_FAST_MATH = YES;
				ONLY_ACTIVE_ARCH = YES;
				SDKROOT = iphoneos;
				SWIFT_ACTIVE_COMPILATION_CONDITIONS = DEBUG;
				SWIFT_OPTIMIZATION_LEVEL = "-Onone";
			};
			name = Debug;
		};
		D27CEBB623FF2E47001174D9 /* Release */ = {
			isa = XCBuildConfiguration;
			buildSettings = {
				ALWAYS_SEARCH_USER_PATHS = NO;
				CLANG_ANALYZER_NONNULL = YES;
				CLANG_ANALYZER_NUMBER_OBJECT_CONVERSION = YES_AGGRESSIVE;
				CLANG_CXX_LANGUAGE_STANDARD = "gnu++14";
				CLANG_CXX_LIBRARY = "libc++";
				CLANG_ENABLE_MODULES = YES;
				CLANG_ENABLE_OBJC_ARC = YES;
				CLANG_ENABLE_OBJC_WEAK = YES;
				CLANG_WARN_BLOCK_CAPTURE_AUTORELEASING = YES;
				CLANG_WARN_BOOL_CONVERSION = YES;
				CLANG_WARN_COMMA = YES;
				CLANG_WARN_CONSTANT_CONVERSION = YES;
				CLANG_WARN_DEPRECATED_OBJC_IMPLEMENTATIONS = YES;
				CLANG_WARN_DIRECT_OBJC_ISA_USAGE = YES_ERROR;
				CLANG_WARN_DOCUMENTATION_COMMENTS = YES;
				CLANG_WARN_EMPTY_BODY = YES;
				CLANG_WARN_ENUM_CONVERSION = YES;
				CLANG_WARN_INFINITE_RECURSION = YES;
				CLANG_WARN_INT_CONVERSION = YES;
				CLANG_WARN_NON_LITERAL_NULL_CONVERSION = YES;
				CLANG_WARN_OBJC_IMPLICIT_RETAIN_SELF = YES;
				CLANG_WARN_OBJC_LITERAL_CONVERSION = YES;
				CLANG_WARN_OBJC_ROOT_CLASS = YES_ERROR;
				CLANG_WARN_RANGE_LOOP_ANALYSIS = YES;
				CLANG_WARN_STRICT_PROTOTYPES = YES;
				CLANG_WARN_SUSPICIOUS_MOVE = YES;
				CLANG_WARN_UNGUARDED_AVAILABILITY = YES_AGGRESSIVE;
				CLANG_WARN_UNREACHABLE_CODE = YES;
				CLANG_WARN__DUPLICATE_METHOD_MATCH = YES;
				COPY_PHASE_STRIP = NO;
				DEBUG_INFORMATION_FORMAT = "dwarf-with-dsym";
				ENABLE_NS_ASSERTIONS = NO;
				ENABLE_STRICT_OBJC_MSGSEND = YES;
				GCC_C_LANGUAGE_STANDARD = gnu11;
				GCC_NO_COMMON_BLOCKS = YES;
				GCC_WARN_64_TO_32_BIT_CONVERSION = YES;
				GCC_WARN_ABOUT_RETURN_TYPE = YES_ERROR;
				GCC_WARN_UNDECLARED_SELECTOR = YES;
				GCC_WARN_UNINITIALIZED_AUTOS = YES_AGGRESSIVE;
				GCC_WARN_UNUSED_FUNCTION = YES;
				GCC_WARN_UNUSED_VARIABLE = YES;
				IPHONEOS_DEPLOYMENT_TARGET = 13.2;
				MTL_ENABLE_DEBUG_INFO = NO;
				MTL_FAST_MATH = YES;
				SDKROOT = iphoneos;
				SWIFT_COMPILATION_MODE = wholemodule;
				SWIFT_OPTIMIZATION_LEVEL = "-O";
				VALIDATE_PRODUCT = YES;
			};
			name = Release;
		};
		D27CEBB823FF2E47001174D9 /* Debug */ = {
			isa = XCBuildConfiguration;
			buildSettings = {
				ASSETCATALOG_COMPILER_APPICON_NAME = AppIcon;
				CODE_SIGN_STYLE = Automatic;
				DEVELOPMENT_TEAM = 7SF2KFH336;
				INFOPLIST_FILE = StarRating/Info.plist;
				LD_RUNPATH_SEARCH_PATHS = (
					"$(inherited)",
					"@executable_path/Frameworks",
				);
				PRODUCT_BUNDLE_IDENTIFIER = com.scottharris.StarRating;
				PRODUCT_NAME = "$(TARGET_NAME)";
				SWIFT_VERSION = 5.0;
				TARGETED_DEVICE_FAMILY = "1,2";
			};
			name = Debug;
		};
		D27CEBB923FF2E47001174D9 /* Release */ = {
			isa = XCBuildConfiguration;
			buildSettings = {
				ASSETCATALOG_COMPILER_APPICON_NAME = AppIcon;
				CODE_SIGN_STYLE = Automatic;
				DEVELOPMENT_TEAM = 7SF2KFH336;
				INFOPLIST_FILE = StarRating/Info.plist;
				LD_RUNPATH_SEARCH_PATHS = (
					"$(inherited)",
					"@executable_path/Frameworks",
				);
				PRODUCT_BUNDLE_IDENTIFIER = com.scottharris.StarRating;
				PRODUCT_NAME = "$(TARGET_NAME)";
				SWIFT_VERSION = 5.0;
				TARGETED_DEVICE_FAMILY = "1,2";
			};
			name = Release;
		};
/* End XCBuildConfiguration section */

/* Begin XCConfigurationList section */
		D27CEB9E23FF2E46001174D9 /* Build configuration list for PBXProject "StarRating" */ = {
			isa = XCConfigurationList;
			buildConfigurations = (
				D27CEBB523FF2E47001174D9 /* Debug */,
				D27CEBB623FF2E47001174D9 /* Release */,
			);
			defaultConfigurationIsVisible = 0;
			defaultConfigurationName = Release;
		};
		D27CEBB723FF2E47001174D9 /* Build configuration list for PBXNativeTarget "StarRating" */ = {
			isa = XCConfigurationList;
			buildConfigurations = (
				D27CEBB823FF2E47001174D9 /* Debug */,
				D27CEBB923FF2E47001174D9 /* Release */,
			);
			defaultConfigurationIsVisible = 0;
			defaultConfigurationName = Release;
		};
/* End XCConfigurationList section */
	};
	rootObject = D27CEB9B23FF2E46001174D9 /* Project object */;
}
